// !$*UTF8*$!
{
	archiveVersion = 1;
	classes = {
	};
	objectVersion = 48;
	objects = {

/* Begin PBXBuildFile section */
		63980F2B1FD93A8E00311668 /* AppDelegate.swift in Sources */ = {isa = PBXBuildFile; fileRef = 63980F2A1FD93A8E00311668 /* AppDelegate.swift */; };
		63980F2D1FD93A8E00311668 /* ViewController.swift in Sources */ = {isa = PBXBuildFile; fileRef = 63980F2C1FD93A8E00311668 /* ViewController.swift */; };
		63980F301FD93A8E00311668 /* Main.storyboard in Resources */ = {isa = PBXBuildFile; fileRef = 63980F2E1FD93A8E00311668 /* Main.storyboard */; };
		63980F321FD93A8E00311668 /* Assets.xcassets in Resources */ = {isa = PBXBuildFile; fileRef = 63980F311FD93A8E00311668 /* Assets.xcassets */; };
		63980F351FD93A8E00311668 /* LaunchScreen.storyboard in Resources */ = {isa = PBXBuildFile; fileRef = 63980F331FD93A8E00311668 /* LaunchScreen.storyboard */; };
		63980F3D1FD93AD600311668 /* FlowerClassifier.mlmodel in Sources */ = {isa = PBXBuildFile; fileRef = 63980F3C1FD93AD600311668 /* FlowerClassifier.mlmodel */; };
		F13B0012C905E5814F9573B2 /* Pods_Flower_Recognition.framework in Frameworks */ = {isa = PBXBuildFile; fileRef = FAA811CB40BB635B73851BA7 /* Pods_Flower_Recognition.framework */; };
/* End PBXBuildFile section */

/* Begin PBXFileReference section */
		30A927FB3544005A31B709FE /* Pods-Flower-Recognition.debug.xcconfig */ = {isa = PBXFileReference; includeInIndex = 1; lastKnownFileType = text.xcconfig; name = "Pods-Flower-Recognition.debug.xcconfig"; path = "Pods/Target Support Files/Pods-Flower-Recognition/Pods-Flower-Recognition.debug.xcconfig"; sourceTree = "<group>"; };
		3AC10F38B4A3A2EE0BCA697A /* Pods-Flower-Recognition.release.xcconfig */ = {isa = PBXFileReference; includeInIndex = 1; lastKnownFileType = text.xcconfig; name = "Pods-Flower-Recognition.release.xcconfig"; path = "Pods/Target Support Files/Pods-Flower-Recognition/Pods-Flower-Recognition.release.xcconfig"; sourceTree = "<group>"; };
		63980F271FD93A8E00311668 /* Flower-Recognition.app */ = {isa = PBXFileReference; explicitFileType = wrapper.application; includeInIndex = 0; path = "Flower-Recognition.app"; sourceTree = BUILT_PRODUCTS_DIR; };
		63980F2A1FD93A8E00311668 /* AppDelegate.swift */ = {isa = PBXFileReference; lastKnownFileType = sourcecode.swift; path = AppDelegate.swift; sourceTree = "<group>"; };
		63980F2C1FD93A8E00311668 /* ViewController.swift */ = {isa = PBXFileReference; lastKnownFileType = sourcecode.swift; path = ViewController.swift; sourceTree = "<group>"; };
		63980F2F1FD93A8E00311668 /* Base */ = {isa = PBXFileReference; lastKnownFileType = file.storyboard; name = Base; path = Base.lproj/Main.storyboard; sourceTree = "<group>"; };
		63980F311FD93A8E00311668 /* Assets.xcassets */ = {isa = PBXFileReference; lastKnownFileType = folder.assetcatalog; path = Assets.xcassets; sourceTree = "<group>"; };
		63980F341FD93A8E00311668 /* Base */ = {isa = PBXFileReference; lastKnownFileType = file.storyboard; name = Base; path = Base.lproj/LaunchScreen.storyboard; sourceTree = "<group>"; };
		63980F361FD93A8E00311668 /* Info.plist */ = {isa = PBXFileReference; lastKnownFileType = text.plist.xml; path = Info.plist; sourceTree = "<group>"; };
		63980F3C1FD93AD600311668 /* FlowerClassifier.mlmodel */ = {isa = PBXFileReference; lastKnownFileType = file.mlmodel; path = FlowerClassifier.mlmodel; sourceTree = "<group>"; };
		FAA811CB40BB635B73851BA7 /* Pods_Flower_Recognition.framework */ = {isa = PBXFileReference; explicitFileType = wrapper.framework; includeInIndex = 0; path = Pods_Flower_Recognition.framework; sourceTree = BUILT_PRODUCTS_DIR; };
/* End PBXFileReference section */

/* Begin PBXFrameworksBuildPhase section */
		63980F241FD93A8E00311668 /* Frameworks */ = {
			isa = PBXFrameworksBuildPhase;
			buildActionMask = 2147483647;
			files = (
				F13B0012C905E5814F9573B2 /* Pods_Flower_Recognition.framework in Frameworks */,
			);
			runOnlyForDeploymentPostprocessing = 0;
		};
/* End PBXFrameworksBuildPhase section */

/* Begin PBXGroup section */
		0A835D47296399496F02637A /* Frameworks */ = {
			isa = PBXGroup;
			children = (
				FAA811CB40BB635B73851BA7 /* Pods_Flower_Recognition.framework */,
			);
			name = Frameworks;
			sourceTree = "<group>";
		};
		63980F1E1FD93A8E00311668 = {
			isa = PBXGroup;
			children = (
				63980F291FD93A8E00311668 /* Flower-Recognition */,
				63980F281FD93A8E00311668 /* Products */,
				F4B5C580404E95DCF588D1DB /* Pods */,
				0A835D47296399496F02637A /* Frameworks */,
			);
			sourceTree = "<group>";
		};
		63980F281FD93A8E00311668 /* Products */ = {
			isa = PBXGroup;
			children = (
				63980F271FD93A8E00311668 /* Flower-Recognition.app */,
			);
			name = Products;
			sourceTree = "<group>";
		};
		63980F291FD93A8E00311668 /* Flower-Recognition */ = {
			isa = PBXGroup;
			children = (
				63980F2A1FD93A8E00311668 /* AppDelegate.swift */,
				63980F2C1FD93A8E00311668 /* ViewController.swift */,
				63980F2E1FD93A8E00311668 /* Main.storyboard */,
				63980F311FD93A8E00311668 /* Assets.xcassets */,
				63980F331FD93A8E00311668 /* LaunchScreen.storyboard */,
				63980F3C1FD93AD600311668 /* FlowerClassifier.mlmodel */,
				63980F361FD93A8E00311668 /* Info.plist */,
			);
			path = "Flower-Recognition";
			sourceTree = "<group>";
		};
		F4B5C580404E95DCF588D1DB /* Pods */ = {
			isa = PBXGroup;
			children = (
				30A927FB3544005A31B709FE /* Pods-Flower-Recognition.debug.xcconfig */,
				3AC10F38B4A3A2EE0BCA697A /* Pods-Flower-Recognition.release.xcconfig */,
			);
			name = Pods;
			sourceTree = "<group>";
		};
/* End PBXGroup section */

/* Begin PBXNativeTarget section */
		63980F261FD93A8E00311668 /* Flower-Recognition */ = {
			isa = PBXNativeTarget;
			buildConfigurationList = 63980F391FD93A8E00311668 /* Build configuration list for PBXNativeTarget "Flower-Recognition" */;
			buildPhases = (
				CCFBEE9C9224C271EE689587 /* [CP] Check Pods Manifest.lock */,
				63980F231FD93A8E00311668 /* Sources */,
				63980F241FD93A8E00311668 /* Frameworks */,
				63980F251FD93A8E00311668 /* Resources */,
				D25F28EFFF25AFEB4C9357D4 /* [CP] Embed Pods Frameworks */,
				D47211C5E0AB4AA11B059AE8 /* [CP] Copy Pods Resources */,
			);
			buildRules = (
			);
			dependencies = (
			);
			name = "Flower-Recognition";
			productName = "Flower-Recognition";
			productReference = 63980F271FD93A8E00311668 /* Flower-Recognition.app */;
			productType = "com.apple.product-type.application";
		};
/* End PBXNativeTarget section */

/* Begin PBXProject section */
		63980F1F1FD93A8E00311668 /* Project object */ = {
			isa = PBXProject;
			attributes = {
				LastSwiftUpdateCheck = 0920;
				LastUpgradeCheck = 0920;
				ORGANIZATIONNAME = David;
				TargetAttributes = {
					63980F261FD93A8E00311668 = {
						CreatedOnToolsVersion = 9.2;
						ProvisioningStyle = Automatic;
					};
				};
			};
			buildConfigurationList = 63980F221FD93A8E00311668 /* Build configuration list for PBXProject "Flower-Recognition" */;
			compatibilityVersion = "Xcode 8.0";
			developmentRegion = en;
			hasScannedForEncodings = 0;
			knownRegions = (
				en,
				Base,
			);
			mainGroup = 63980F1E1FD93A8E00311668;
			productRefGroup = 63980F281FD93A8E00311668 /* Products */;
			projectDirPath = "";
			projectRoot = "";
			targets = (
				63980F261FD93A8E00311668 /* Flower-Recognition */,
			);
		};
/* End PBXProject section */

/* Begin PBXResourcesBuildPhase section */
		63980F251FD93A8E00311668 /* Resources */ = {
			isa = PBXResourcesBuildPhase;
			buildActionMask = 2147483647;
			files = (
				63980F351FD93A8E00311668 /* LaunchScreen.storyboard in Resources */,
				63980F321FD93A8E00311668 /* Assets.xcassets in Resources */,
				63980F301FD93A8E00311668 /* Main.storyboard in Resources */,
			);
			runOnlyForDeploymentPostprocessing = 0;
		};
/* End PBXResourcesBuildPhase section */

/* Begin PBXShellScriptBuildPhase section */
		CCFBEE9C9224C271EE689587 /* [CP] Check Pods Manifest.lock */ = {
			isa = PBXShellScriptBuildPhase;
			buildActionMask = 2147483647;
			files = (
			);
			inputPaths = (
				"${PODS_PODFILE_DIR_PATH}/Podfile.lock",
				"${PODS_ROOT}/Manifest.lock",
			);
			name = "[CP] Check Pods Manifest.lock";
			outputPaths = (
				"$(DERIVED_FILE_DIR)/Pods-Flower-Recognition-checkManifestLockResult.txt",
			);
			runOnlyForDeploymentPostprocessing = 0;
			shellPath = /bin/sh;
			shellScript = "diff \"${PODS_PODFILE_DIR_PATH}/Podfile.lock\" \"${PODS_ROOT}/Manifest.lock\" > /dev/null\nif [ $? != 0 ] ; then\n    # print error to STDERR\n    echo \"error: The sandbox is not in sync with the Podfile.lock. Run 'pod install' or update your CocoaPods installation.\" >&2\n    exit 1\nfi\n# This output is used by Xcode 'outputs' to avoid re-running this script phase.\necho \"SUCCESS\" > \"${SCRIPT_OUTPUT_FILE_0}\"\n";
			showEnvVarsInLog = 0;
		};
		D25F28EFFF25AFEB4C9357D4 /* [CP] Embed Pods Frameworks */ = {
			isa = PBXShellScriptBuildPhase;
			buildActionMask = 2147483647;
			files = (
			);
			inputPaths = (
				"${SRCROOT}/Pods/Target Support Files/Pods-Flower-Recognition/Pods-Flower-Recognition-frameworks.sh",
				"${BUILT_PRODUCTS_DIR}/Alamofire/Alamofire.framework",
				"${BUILT_PRODUCTS_DIR}/SDWebImage/SDWebImage.framework",
				"${BUILT_PRODUCTS_DIR}/SwiftyJSON/SwiftyJSON.framework",
			);
			name = "[CP] Embed Pods Frameworks";
			outputPaths = (
				"${TARGET_BUILD_DIR}/${FRAMEWORKS_FOLDER_PATH}/Alamofire.framework",
				"${TARGET_BUILD_DIR}/${FRAMEWORKS_FOLDER_PATH}/SDWebImage.framework",
				"${TARGET_BUILD_DIR}/${FRAMEWORKS_FOLDER_PATH}/SwiftyJSON.framework",
			);
			runOnlyForDeploymentPostprocessing = 0;
			shellPath = /bin/sh;
			shellScript = "\"${SRCROOT}/Pods/Target Support Files/Pods-Flower-Recognition/Pods-Flower-Recognition-frameworks.sh\"\n";
			showEnvVarsInLog = 0;
		};
		D47211C5E0AB4AA11B059AE8 /* [CP] Copy Pods Resources */ = {
			isa = PBXShellScriptBuildPhase;
			buildActionMask = 2147483647;
			files = (
			);
			inputPaths = (
			);
			name = "[CP] Copy Pods Resources";
			outputPaths = (
			);
			runOnlyForDeploymentPostprocessing = 0;
			shellPath = /bin/sh;
			shellScript = "\"${SRCROOT}/Pods/Target Support Files/Pods-Flower-Recognition/Pods-Flower-Recognition-resources.sh\"\n";
			showEnvVarsInLog = 0;
		};
/* End PBXShellScriptBuildPhase section */

/* Begin PBXSourcesBuildPhase section */
		63980F231FD93A8E00311668 /* Sources */ = {
			isa = PBXSourcesBuildPhase;
			buildActionMask = 2147483647;
			files = (
				63980F3D1FD93AD600311668 /* FlowerClassifier.mlmodel in Sources */,
				63980F2D1FD93A8E00311668 /* ViewController.swift in Sources */,
				63980F2B1FD93A8E00311668 /* AppDelegate.swift in Sources */,
			);
			runOnlyForDeploymentPostprocessing = 0;
		};
/* End PBXSourcesBuildPhase section */

/* Begin PBXVariantGroup section */
		63980F2E1FD93A8E00311668 /* Main.storyboard */ = {
			isa = PBXVariantGroup;
			children = (
				63980F2F1FD93A8E00311668 /* Base */,
			);
			name = Main.storyboard;
			sourceTree = "<group>";
		};
		63980F331FD93A8E00311668 /* LaunchScreen.storyboard */ = {
			isa = PBXVariantGroup;
			children = (
				63980F341FD93A8E00311668 /* Base */,
			);
			name = LaunchScreen.storyboard;
			sourceTree = "<group>";
		};
/* End PBXVariantGroup section */

/* Begin XCBuildConfiguration section */
		63980F371FD93A8E00311668 /* Debug */ = {
			isa = XCBuildConfiguration;
			buildSettings = {
				ALWAYS_SEARCH_USER_PATHS = NO;
				CLANG_ANALYZER_NONNULL = YES;
				CLANG_ANALYZER_NUMBER_OBJECT_CONVERSION = YES_AGGRESSIVE;
				CLANG_CXX_LANGUAGE_STANDARD = "gnu++14";
				CLANG_CXX_LIBRARY = "libc++";
				CLANG_ENABLE_MODULES = YES;
				CLANG_ENABLE_OBJC_ARC = YES;
				CLANG_WARN_BLOCK_CAPTURE_AUTORELEASING = YES;
				CLANG_WARN_BOOL_CONVERSION = YES;
				CLANG_WARN_COMMA = YES;
				CLANG_WARN_CONSTANT_CONVERSION = YES;
				CLANG_WARN_DIRECT_OBJC_ISA_USAGE = YES_ERROR;
				CLANG_WARN_DOCUMENTATION_COMMENTS = YES;
				CLANG_WARN_EMPTY_BODY = YES;
				CLANG_WARN_ENUM_CONVERSION = YES;
				CLANG_WARN_INFINITE_RECURSION = YES;
				CLANG_WARN_INT_CONVERSION = YES;
				CLANG_WARN_NON_LITERAL_NULL_CONVERSION = YES;
				CLANG_WARN_OBJC_LITERAL_CONVERSION = YES;
				CLANG_WARN_OBJC_ROOT_CLASS = YES_ERROR;
				CLANG_WARN_RANGE_LOOP_ANALYSIS = YES;
				CLANG_WARN_STRICT_PROTOTYPES = YES;
				CLANG_WARN_SUSPICIOUS_MOVE = YES;
				CLANG_WARN_UNGUARDED_AVAILABILITY = YES_AGGRESSIVE;
				CLANG_WARN_UNREACHABLE_CODE = YES;
				CLANG_WARN__DUPLICATE_METHOD_MATCH = YES;
				CODE_SIGN_IDENTITY = "iPhone Developer";
				COPY_PHASE_STRIP = NO;
				DEBUG_INFORMATION_FORMAT = dwarf;
				ENABLE_STRICT_OBJC_MSGSEND = YES;
				ENABLE_TESTABILITY = YES;
				GCC_C_LANGUAGE_STANDARD = gnu11;
				GCC_DYNAMIC_NO_PIC = NO;
				GCC_NO_COMMON_BLOCKS = YES;
				GCC_OPTIMIZATION_LEVEL = 0;
				GCC_PREPROCESSOR_DEFINITIONS = (
					"DEBUG=1",
					"$(inherited)",
				);
				GCC_WARN_64_TO_32_BIT_CONVERSION = YES;
				GCC_WARN_ABOUT_RETURN_TYPE = YES_ERROR;
				GCC_WARN_UNDECLARED_SELECTOR = YES;
				GCC_WARN_UNINITIALIZED_AUTOS = YES_AGGRESSIVE;
				GCC_WARN_UNUSED_FUNCTION = YES;
				GCC_WARN_UNUSED_VARIABLE = YES;
				IPHONEOS_DEPLOYMENT_TARGET = 11.2;
				MTL_ENABLE_DEBUG_INFO = YES;
				ONLY_ACTIVE_ARCH = YES;
				SDKROOT = iphoneos;
				SWIFT_ACTIVE_COMPILATION_CONDITIONS = DEBUG;
				SWIFT_OPTIMIZATION_LEVEL = "-Onone";
			};
			name = Debug;
		};
		63980F381FD93A8E00311668 /* Release */ = {
			isa = XCBuildConfiguration;
			buildSettings = {
				ALWAYS_SEARCH_USER_PATHS = NO;
				CLANG_ANALYZER_NONNULL = YES;
				CLANG_ANALYZER_NUMBER_OBJECT_CONVERSION = YES_AGGRESSIVE;
				CLANG_CXX_LANGUAGE_STANDARD = "gnu++14";
				CLANG_CXX_LIBRARY = "libc++";
				CLANG_ENABLE_MODULES = YES;
				CLANG_ENABLE_OBJC_ARC = YES;
				CLANG_WARN_BLOCK_CAPTURE_AUTORELEASING = YES;
				CLANG_WARN_BOOL_CONVERSION = YES;
				CLANG_WARN_COMMA = YES;
				CLANG_WARN_CONSTANT_CONVERSION = YES;
				CLANG_WARN_DIRECT_OBJC_ISA_USAGE = YES_ERROR;
				CLANG_WARN_DOCUMENTATION_COMMENTS = YES;
				CLANG_WARN_EMPTY_BODY = YES;
				CLANG_WARN_ENUM_CONVERSION = YES;
				CLANG_WARN_INFINITE_RECURSION = YES;
				CLANG_WARN_INT_CONVERSION = YES;
				CLANG_WARN_NON_LITERAL_NULL_CONVERSION = YES;
				CLANG_WARN_OBJC_LITERAL_CONVERSION = YES;
				CLANG_WARN_OBJC_ROOT_CLASS = YES_ERROR;
				CLANG_WARN_RANGE_LOOP_ANALYSIS = YES;
				CLANG_WARN_STRICT_PROTOTYPES = YES;
				CLANG_WARN_SUSPICIOUS_MOVE = YES;
				CLANG_WARN_UNGUARDED_AVAILABILITY = YES_AGGRESSIVE;
				CLANG_WARN_UNREACHABLE_CODE = YES;
				CLANG_WARN__DUPLICATE_METHOD_MATCH = YES;
				CODE_SIGN_IDENTITY = "iPhone Developer";
				COPY_PHASE_STRIP = NO;
				DEBUG_INFORMATION_FORMAT = "dwarf-with-dsym";
				ENABLE_NS_ASSERTIONS = NO;
				ENABLE_STRICT_OBJC_MSGSEND = YES;
				GCC_C_LANGUAGE_STANDARD = gnu11;
				GCC_NO_COMMON_BLOCKS = YES;
				GCC_WARN_64_TO_32_BIT_CONVERSION = YES;
				GCC_WARN_ABOUT_RETURN_TYPE = YES_ERROR;
				GCC_WARN_UNDECLARED_SELECTOR = YES;
				GCC_WARN_UNINITIALIZED_AUTOS = YES_AGGRESSIVE;
				GCC_WARN_UNUSED_FUNCTION = YES;
				GCC_WARN_UNUSED_VARIABLE = YES;
				IPHONEOS_DEPLOYMENT_TARGET = 11.2;
				MTL_ENABLE_DEBUG_INFO = NO;
				SDKROOT = iphoneos;
				SWIFT_OPTIMIZATION_LEVEL = "-Owholemodule";
				VALIDATE_PRODUCT = YES;
			};
			name = Release;
		};
		63980F3A1FD93A8E00311668 /* Debug */ = {
			isa = XCBuildConfiguration;
			baseConfigurationReference = 30A927FB3544005A31B709FE /* Pods-Flower-Recognition.debug.xcconfig */;
			buildSettings = {
				ASSETCATALOG_COMPILER_APPICON_NAME = AppIcon;
				CODE_SIGN_STYLE = Automatic;
				DEVELOPMENT_TEAM = 9GKKV595XY;
				INFOPLIST_FILE = "Flower-Recognition/Info.plist";
				LD_RUNPATH_SEARCH_PATHS = "$(inherited) @executable_path/Frameworks";
				PRODUCT_BUNDLE_IDENTIFIER = "com.davidn.Flower-Recognition";
				PRODUCT_NAME = "$(TARGET_NAME)";
				SWIFT_VERSION = 4.0;
				TARGETED_DEVICE_FAMILY = "1,2";
			};
			name = Debug;
		};
		63980F3B1FD93A8E00311668 /* Release */ = {
			isa = XCBuildConfiguration;
			baseConfigurationReference = 3AC10F38B4A3A2EE0BCA697A /* Pods-Flower-Recognition.release.xcconfig */;
			buildSettings = {
				ASSETCATALOG_COMPILER_APPICON_NAME = AppIcon;
				CODE_SIGN_STYLE = Automatic;
				DEVELOPMENT_TEAM = 9GKKV595XY;
				INFOPLIST_FILE = "Flower-Recognition/Info.plist";
				LD_RUNPATH_SEARCH_PATHS = "$(inherited) @executable_path/Frameworks";
				PRODUCT_BUNDLE_IDENTIFIER = "com.davidn.Flower-Recognition";
				PRODUCT_NAME = "$(TARGET_NAME)";
				SWIFT_VERSION = 4.0;
				TARGETED_DEVICE_FAMILY = "1,2";
			};
			name = Release;
		};
/* End XCBuildConfiguration section */

/* Begin XCConfigurationList section */
		63980F221FD93A8E00311668 /* Build configuration list for PBXProject "Flower-Recognition" */ = {
			isa = XCConfigurationList;
			buildConfigurations = (
				63980F371FD93A8E00311668 /* Debug */,
				63980F381FD93A8E00311668 /* Release */,
			);
			defaultConfigurationIsVisible = 0;
			defaultConfigurationName = Release;
		};
		63980F391FD93A8E00311668 /* Build configuration list for PBXNativeTarget "Flower-Recognition" */ = {
			isa = XCConfigurationList;
			buildConfigurations = (
				63980F3A1FD93A8E00311668 /* Debug */,
				63980F3B1FD93A8E00311668 /* Release */,
			);
			defaultConfigurationIsVisible = 0;
			defaultConfigurationName = Release;
		};
/* End XCConfigurationList section */
	};
	rootObject = 63980F1F1FD93A8E00311668 /* Project object */;
}
